
Microsoft Visual Studio Solution File, Format Version 11.00
# Visual Studio 2010
Project("{FAE04EC0-301F-11D3-BF4B-00C04F79EFBC}") = "MAP", "MAP.csproj", "{405C781E-9DDC-4797-A709-8CBBB1AB127D}"
EndProject
Global
	GlobalSection(SolutionConfigurationPlatforms) = preSolution
		Debug|Any CPU = Debug|Any CPU
		Release|Any CPU = Release|Any CPU
	EndGlobalSection
	GlobalSection(ProjectConfigurationPlatforms) = postSolution
		{405C781E-9DDC-4797-A709-8CBBB1AB127D}.Debug|Any CPU.ActiveCfg = Debug|Any CPU
		{405C781E-9DDC-4797-A709-8CBBB1AB127D}.Debug|Any CPU.Build.0 = Debug|Any CPU
		{405C781E-9DDC-4797-A709-8CBBB1AB127D}.Release|Any CPU.ActiveCfg = Release|Any CPU
		{405C781E-9DDC-4797-A709-8CBBB1AB127D}.Release|Any CPU.Build.0 = Release|Any CPU
	EndGlobalSection
	GlobalSection(SolutionProperties) = preSolution
		HideSolutionNode = FALSE
	EndGlobalSection
EndGlobal
