
Microsoft Visual Studio Solution File, Format Version 11.00
# Visual Studio 2010
Project("{2150E333-8FDC-42A3-9474-1A3956D46DE8}") = "Tools", "Tools", "{FCFB805F-0F37-4F43-9BF8-7FA82CE098AB}"
EndProject
Project("{FAE04EC0-301F-11D3-BF4B-00C04F79EFBC}") = "SagaLib", "SagaLib\SagaLib.csproj", "{DDDDCDA1-0D7C-48F3-A4D1-84219C43E195}"
EndProject
Project("{FAE04EC0-301F-11D3-BF4B-00C04F79EFBC}") = "PacketProxy", "PacketProxy\PacketProxy.csproj", "{683AA9B5-D5E4-4A27-8EF3-39AC1DBDC86E}"
EndProject
Project("{FAE04EC0-301F-11D3-BF4B-00C04F79EFBC}") = "SagaLogin", "SagaLogin\SagaLogin.csproj", "{86DE49A7-DADF-49A5-BA2E-27F8AF677509}"
EndProject
Project("{FAE04EC0-301F-11D3-BF4B-00C04F79EFBC}") = "SagaDB", "SagaDB\SagaDB.csproj", "{BC0E63AC-2A4A-45AE-A8A9-C680066BCAEC}"
EndProject
Project("{FAE04EC0-301F-11D3-BF4B-00C04F79EFBC}") = "AccountCreator", "AccountCreator\AccountCreator.csproj", "{FEFF63EF-01AC-415B-957F-BE91F770E4C9}"
EndProject
Project("{FAE04EC0-301F-11D3-BF4B-00C04F79EFBC}") = "SagaMap", "SagaMap\SagaMap.csproj", "{BA626AB6-C9C8-4C27-8B40-AC959FC603B9}"
EndProject
Project("{FAE04EC0-301F-11D3-BF4B-00C04F79EFBC}") = "PacketViewer", "PacketViewer\PacketViewer.csproj", "{F0C18487-5FBB-43BD-B175-5F8B83B925DE}"
EndProject
Global
	GlobalSection(SolutionConfigurationPlatforms) = preSolution
		Debug|Any CPU = Debug|Any CPU
		Release|Any CPU = Release|Any CPU
	EndGlobalSection
	GlobalSection(ProjectConfigurationPlatforms) = postSolution
		{DDDDCDA1-0D7C-48F3-A4D1-84219C43E195}.Debug|Any CPU.ActiveCfg = Debug|Any CPU
		{DDDDCDA1-0D7C-48F3-A4D1-84219C43E195}.Debug|Any CPU.Build.0 = Debug|Any CPU
		{DDDDCDA1-0D7C-48F3-A4D1-84219C43E195}.Release|Any CPU.ActiveCfg = Release|Any CPU
		{DDDDCDA1-0D7C-48F3-A4D1-84219C43E195}.Release|Any CPU.Build.0 = Release|Any CPU
		{683AA9B5-D5E4-4A27-8EF3-39AC1DBDC86E}.Debug|Any CPU.ActiveCfg = Debug|Any CPU
		{683AA9B5-D5E4-4A27-8EF3-39AC1DBDC86E}.Debug|Any CPU.Build.0 = Debug|Any CPU
		{683AA9B5-D5E4-4A27-8EF3-39AC1DBDC86E}.Release|Any CPU.ActiveCfg = Release|Any CPU
		{683AA9B5-D5E4-4A27-8EF3-39AC1DBDC86E}.Release|Any CPU.Build.0 = Release|Any CPU
		{86DE49A7-DADF-49A5-BA2E-27F8AF677509}.Debug|Any CPU.ActiveCfg = Debug|Any CPU
		{86DE49A7-DADF-49A5-BA2E-27F8AF677509}.Debug|Any CPU.Build.0 = Debug|Any CPU
		{86DE49A7-DADF-49A5-BA2E-27F8AF677509}.Release|Any CPU.ActiveCfg = Release|Any CPU
		{86DE49A7-DADF-49A5-BA2E-27F8AF677509}.Release|Any CPU.Build.0 = Release|Any CPU
		{BC0E63AC-2A4A-45AE-A8A9-C680066BCAEC}.Debug|Any CPU.ActiveCfg = Debug|Any CPU
		{BC0E63AC-2A4A-45AE-A8A9-C680066BCAEC}.Debug|Any CPU.Build.0 = Debug|Any CPU
		{BC0E63AC-2A4A-45AE-A8A9-C680066BCAEC}.Release|Any CPU.ActiveCfg = Release|Any CPU
		{BC0E63AC-2A4A-45AE-A8A9-C680066BCAEC}.Release|Any CPU.Build.0 = Release|Any CPU
		{FEFF63EF-01AC-415B-957F-BE91F770E4C9}.Debug|Any CPU.ActiveCfg = Debug|Any CPU
		{FEFF63EF-01AC-415B-957F-BE91F770E4C9}.Debug|Any CPU.Build.0 = Debug|Any CPU
		{FEFF63EF-01AC-415B-957F-BE91F770E4C9}.Release|Any CPU.ActiveCfg = Release|Any CPU
		{FEFF63EF-01AC-415B-957F-BE91F770E4C9}.Release|Any CPU.Build.0 = Release|Any CPU
		{BA626AB6-C9C8-4C27-8B40-AC959FC603B9}.Debug|Any CPU.ActiveCfg = Debug|Any CPU
		{BA626AB6-C9C8-4C27-8B40-AC959FC603B9}.Debug|Any CPU.Build.0 = Debug|Any CPU
		{BA626AB6-C9C8-4C27-8B40-AC959FC603B9}.Release|Any CPU.ActiveCfg = Release|Any CPU
		{BA626AB6-C9C8-4C27-8B40-AC959FC603B9}.Release|Any CPU.Build.0 = Release|Any CPU
		{F0C18487-5FBB-43BD-B175-5F8B83B925DE}.Debug|Any CPU.ActiveCfg = Debug|Any CPU
		{F0C18487-5FBB-43BD-B175-5F8B83B925DE}.Debug|Any CPU.Build.0 = Debug|Any CPU
		{F0C18487-5FBB-43BD-B175-5F8B83B925DE}.Release|Any CPU.ActiveCfg = Release|Any CPU
		{F0C18487-5FBB-43BD-B175-5F8B83B925DE}.Release|Any CPU.Build.0 = Release|Any CPU
	EndGlobalSection
	GlobalSection(SolutionProperties) = preSolution
		HideSolutionNode = FALSE
	EndGlobalSection
	GlobalSection(NestedProjects) = preSolution
		{F0C18487-5FBB-43BD-B175-5F8B83B925DE} = {FCFB805F-0F37-4F43-9BF8-7FA82CE098AB}
	EndGlobalSection
EndGlobal
