
Microsoft Visual Studio Solution File, Format Version 11.00
# Visual Studio 2010
Project("{FAE04EC0-301F-11D3-BF4B-00C04F79EFBC}") = "GMTool", "GMTool.csproj", "{751FFA7D-EA77-4EC5-828A-E248BD22BB32}"
EndProject
Global
	GlobalSection(SolutionConfigurationPlatforms) = preSolution
		Debug|Any CPU = Debug|Any CPU
		Release|Any CPU = Release|Any CPU
		Web|Any CPU = Web|Any CPU
	EndGlobalSection
	GlobalSection(ProjectConfigurationPlatforms) = postSolution
		{751FFA7D-EA77-4EC5-828A-E248BD22BB32}.Debug|Any CPU.ActiveCfg = Debug|Any CPU
		{751FFA7D-EA77-4EC5-828A-E248BD22BB32}.Debug|Any CPU.Build.0 = Debug|Any CPU
		{751FFA7D-EA77-4EC5-828A-E248BD22BB32}.Release|Any CPU.ActiveCfg = Release|Any CPU
		{751FFA7D-EA77-4EC5-828A-E248BD22BB32}.Release|Any CPU.Build.0 = Release|Any CPU
		{751FFA7D-EA77-4EC5-828A-E248BD22BB32}.Web|Any CPU.ActiveCfg = Web|Any CPU
		{751FFA7D-EA77-4EC5-828A-E248BD22BB32}.Web|Any CPU.Build.0 = Web|Any CPU
	EndGlobalSection
	GlobalSection(SolutionProperties) = preSolution
		HideSolutionNode = FALSE
	EndGlobalSection
EndGlobal
