
Microsoft Visual Studio Solution File, Format Version 12.00
# Visual Studio 2013
VisualStudioVersion = 12.0.21005.1
MinimumVisualStudioVersion = 10.0.40219.1
Project("{FAE04EC0-301F-11D3-BF4B-00C04F79EFBC}") = "COF_LAUNCH", "COF_LAUNCH\COF_LAUNCH.csproj", "{F3DD59F4-B3BA-4CEF-9593-9228BEF103A5}"
EndProject
Project("{FAE04EC0-301F-11D3-BF4B-00C04F79EFBC}") = "COF_LAUNCH_SERVER", "COF_LAUNCH_SERVER\COF_LAUNCH_SERVER.csproj", "{733BE630-CB73-401A-86E6-98C5066D3825}"
EndProject
Global
	GlobalSection(SolutionConfigurationPlatforms) = preSolution
		Debug|Mixed Platforms = Debug|Mixed Platforms
		Debug|Win32 = Debug|Win32
		Debug|x86 = Debug|x86
		Release|Mixed Platforms = Release|Mixed Platforms
		Release|Win32 = Release|Win32
		Release|x86 = Release|x86
	EndGlobalSection
	GlobalSection(ProjectConfigurationPlatforms) = postSolution
		{F3DD59F4-B3BA-4CEF-9593-9228BEF103A5}.Debug|Mixed Platforms.ActiveCfg = Debug|x86
		{F3DD59F4-B3BA-4CEF-9593-9228BEF103A5}.Debug|Mixed Platforms.Build.0 = Debug|x86
		{F3DD59F4-B3BA-4CEF-9593-9228BEF103A5}.Debug|Win32.ActiveCfg = Debug|x86
		{F3DD59F4-B3BA-4CEF-9593-9228BEF103A5}.Debug|x86.ActiveCfg = Debug|x86
		{F3DD59F4-B3BA-4CEF-9593-9228BEF103A5}.Debug|x86.Build.0 = Debug|x86
		{F3DD59F4-B3BA-4CEF-9593-9228BEF103A5}.Release|Mixed Platforms.ActiveCfg = Release|x86
		{F3DD59F4-B3BA-4CEF-9593-9228BEF103A5}.Release|Mixed Platforms.Build.0 = Release|x86
		{F3DD59F4-B3BA-4CEF-9593-9228BEF103A5}.Release|Win32.ActiveCfg = Release|x86
		{F3DD59F4-B3BA-4CEF-9593-9228BEF103A5}.Release|x86.ActiveCfg = Release|x86
		{F3DD59F4-B3BA-4CEF-9593-9228BEF103A5}.Release|x86.Build.0 = Release|x86
		{733BE630-CB73-401A-86E6-98C5066D3825}.Debug|Mixed Platforms.ActiveCfg = Debug|x86
		{733BE630-CB73-401A-86E6-98C5066D3825}.Debug|Mixed Platforms.Build.0 = Debug|x86
		{733BE630-CB73-401A-86E6-98C5066D3825}.Debug|Win32.ActiveCfg = Debug|x86
		{733BE630-CB73-401A-86E6-98C5066D3825}.Debug|x86.ActiveCfg = Debug|x86
		{733BE630-CB73-401A-86E6-98C5066D3825}.Debug|x86.Build.0 = Debug|x86
		{733BE630-CB73-401A-86E6-98C5066D3825}.Release|Mixed Platforms.ActiveCfg = Release|x86
		{733BE630-CB73-401A-86E6-98C5066D3825}.Release|Mixed Platforms.Build.0 = Release|x86
		{733BE630-CB73-401A-86E6-98C5066D3825}.Release|Win32.ActiveCfg = Release|x86
		{733BE630-CB73-401A-86E6-98C5066D3825}.Release|x86.ActiveCfg = Release|x86
		{733BE630-CB73-401A-86E6-98C5066D3825}.Release|x86.Build.0 = Release|x86
	EndGlobalSection
	GlobalSection(SolutionProperties) = preSolution
		HideSolutionNode = FALSE
	EndGlobalSection
	GlobalSection(ExtensibilityGlobals) = postSolution
		VisualSVNWorkingCopyRoot = .
	EndGlobalSection
EndGlobal
