
Microsoft Visual Studio Solution File, Format Version 11.00
# Visual Studio 2010
Project("{FAE04EC0-301F-11D3-BF4B-00C04F79EFBC}") = "EcoArchiver", "EcoArchiver.csproj", "{2A7EC2C6-F263-4479-A82A-AC2CF9EC8D6F}"
EndProject
Global
	GlobalSection(SolutionConfigurationPlatforms) = preSolution
		Debug|Any CPU = Debug|Any CPU
		Release|Any CPU = Release|Any CPU
		Web|Any CPU = Web|Any CPU
	EndGlobalSection
	GlobalSection(ProjectConfigurationPlatforms) = postSolution
		{2A7EC2C6-F263-4479-A82A-AC2CF9EC8D6F}.Debug|Any CPU.ActiveCfg = Debug|Any CPU
		{2A7EC2C6-F263-4479-A82A-AC2CF9EC8D6F}.Debug|Any CPU.Build.0 = Debug|Any CPU
		{2A7EC2C6-F263-4479-A82A-AC2CF9EC8D6F}.Release|Any CPU.ActiveCfg = Release|Any CPU
		{2A7EC2C6-F263-4479-A82A-AC2CF9EC8D6F}.Release|Any CPU.Build.0 = Release|Any CPU
		{2A7EC2C6-F263-4479-A82A-AC2CF9EC8D6F}.Web|Any CPU.ActiveCfg = Web|Any CPU
		{2A7EC2C6-F263-4479-A82A-AC2CF9EC8D6F}.Web|Any CPU.Build.0 = Web|Any CPU
	EndGlobalSection
	GlobalSection(SolutionProperties) = preSolution
		HideSolutionNode = FALSE
	EndGlobalSection
EndGlobal
