
Microsoft Visual Studio Solution File, Format Version 12.00
# Visual Studio 2012
Project("{2150E333-8FDC-42A3-9474-1A3956D46DE8}") = "Tools", "Tools", "{FCFB805F-0F37-4F43-9BF8-7FA82CE098AB}"
EndProject
Project("{2150E333-8FDC-42A3-9474-1A3956D46DE8}") = "web", "web", "{A6B3931F-ABFB-4DA7-9940-CB57192685FF}"
EndProject
Project("{2150E333-8FDC-42A3-9474-1A3956D46DE8}") = "Upgrade", "Upgrade", "{F32C2405-1F63-4444-B4A6-0A0DAB6CBA14}"
EndProject
Project("{FAE04EC0-301F-11D3-BF4B-00C04F79EFBC}") = "SagaLib", "SagaLib\SagaLib.csproj", "{DDDDCDA1-0D7C-48F3-A4D1-84219C43E195}"
EndProject
Project("{FAE04EC0-301F-11D3-BF4B-00C04F79EFBC}") = "PacketProxy", "PacketProxy\PacketProxy.csproj", "{683AA9B5-D5E4-4A27-8EF3-39AC1DBDC86E}"
EndProject
Project("{FAE04EC0-301F-11D3-BF4B-00C04F79EFBC}") = "SagaLogin", "SagaLogin\SagaLogin.csproj", "{86DE49A7-DADF-49A5-BA2E-27F8AF677509}"
	ProjectSection(ProjectDependencies) = postProject
		{DDDDCDA1-0D7C-48F3-A4D1-84219C43E195} = {DDDDCDA1-0D7C-48F3-A4D1-84219C43E195}
		{BC0E63AC-2A4A-45AE-A8A9-C680066BCAEC} = {BC0E63AC-2A4A-45AE-A8A9-C680066BCAEC}
	EndProjectSection
EndProject
Project("{FAE04EC0-301F-11D3-BF4B-00C04F79EFBC}") = "SagaDB", "SagaDB\SagaDB.csproj", "{BC0E63AC-2A4A-45AE-A8A9-C680066BCAEC}"
	ProjectSection(ProjectDependencies) = postProject
		{DDDDCDA1-0D7C-48F3-A4D1-84219C43E195} = {DDDDCDA1-0D7C-48F3-A4D1-84219C43E195}
	EndProjectSection
EndProject
Project("{FAE04EC0-301F-11D3-BF4B-00C04F79EFBC}") = "AccountCreator", "AccountCreator\AccountCreator.csproj", "{FEFF63EF-01AC-415B-957F-BE91F770E4C9}"
EndProject
Project("{FAE04EC0-301F-11D3-BF4B-00C04F79EFBC}") = "SagaMap", "SagaMap\SagaMap.csproj", "{BA626AB6-C9C8-4C27-8B40-AC959FC603B9}"
	ProjectSection(ProjectDependencies) = postProject
		{DDDDCDA1-0D7C-48F3-A4D1-84219C43E195} = {DDDDCDA1-0D7C-48F3-A4D1-84219C43E195}
		{BC0E63AC-2A4A-45AE-A8A9-C680066BCAEC} = {BC0E63AC-2A4A-45AE-A8A9-C680066BCAEC}
	EndProjectSection
EndProject
Project("{FAE04EC0-301F-11D3-BF4B-00C04F79EFBC}") = "PacketViewer", "PacketViewer\PacketViewer.csproj", "{F0C18487-5FBB-43BD-B175-5F8B83B925DE}"
EndProject
Project("{E24C65DC-7377-472B-9ABA-BC803B73C61A}") = "Ecoweb", "Ecoweb\", "{F59F819F-C51A-4825-88EC-C5D40269ADF7}"
	ProjectSection(WebsiteProperties) = preProject
		TargetFrameworkMoniker = ".NETFramework,Version%3Dv4.0"
		ProjectReferences = "{DDDDCDA1-0D7C-48F3-A4D1-84219C43E195}|SagaLib.dll;{BC0E63AC-2A4A-45AE-A8A9-C680066BCAEC}|SagaDB.dll;"
		Debug.AspNetCompiler.VirtualPath = "/Ecoweb"
		Debug.AspNetCompiler.PhysicalPath = "Ecoweb\"
		Debug.AspNetCompiler.TargetPath = "PrecompiledWeb\Ecoweb\"
		Debug.AspNetCompiler.Updateable = "true"
		Debug.AspNetCompiler.ForceOverwrite = "true"
		Debug.AspNetCompiler.FixedNames = "false"
		Debug.AspNetCompiler.Debug = "True"
		Release.AspNetCompiler.VirtualPath = "/Ecoweb"
		Release.AspNetCompiler.PhysicalPath = "Ecoweb\"
		Release.AspNetCompiler.TargetPath = "PrecompiledWeb\Ecoweb\"
		Release.AspNetCompiler.Updateable = "true"
		Release.AspNetCompiler.ForceOverwrite = "true"
		Release.AspNetCompiler.FixedNames = "false"
		Release.AspNetCompiler.Debug = "False"
		VWDPort = "58384"
		DefaultWebSiteLanguage = "Visual C#"
	EndProjectSection
EndProject
Project("{FAE04EC0-301F-11D3-BF4B-00C04F79EFBC}") = "MapNameModifier", "Tools\MapNameModifier\MapNameModifier.csproj", "{4F28170E-2B91-4735-B6ED-0D148D277D3C}"
EndProject
Project("{F184B08F-C81C-45F6-A57F-5ABD9991F28F}") = "EvenIdToScript", "Tools\EvenIdToScript\EvenIdToScript.vbproj", "{1FF39A59-37AF-48CC-AB35-4A9614C8E7AB}"
EndProject
Project("{FAE04EC0-301F-11D3-BF4B-00C04F79EFBC}") = "APathfinding", "Tools\APathfinding\APathfinding.csproj", "{29CAE878-FF0C-4254-AA9C-55B1E0CDB206}"
EndProject
Project("{FAE04EC0-301F-11D3-BF4B-00C04F79EFBC}") = "SQLUpdater", "SQLUpdater\SQLUpdater.csproj", "{A11A1F66-7D6E-499C-A6F8-854A1FF31C0F}"
EndProject
Project("{FAE04EC0-301F-11D3-BF4B-00C04F79EFBC}") = "GMTool", "Tools\GMTool\GMTool.csproj", "{751FFA7D-EA77-4EC5-828A-E248BD22BB32}"
EndProject
Project("{FAE04EC0-301F-11D3-BF4B-00C04F79EFBC}") = "EcoArchiver", "Tools\EcoArchiver\EcoArchiver.csproj", "{2A7EC2C6-F263-4479-A82A-AC2CF9EC8D6F}"
EndProject
Project("{FAE04EC0-301F-11D3-BF4B-00C04F79EFBC}") = "ObfuscatorHelper", "Tools\ObfuscatorHelper\ObfuscatorHelper.csproj", "{B25B277E-A98B-4BFC-9093-98A9525DF89C}"
EndProject
Project("{FAE04EC0-301F-11D3-BF4B-00C04F79EFBC}") = "SagaECOLoader", "Tools\SagaECOLoader\SagaECOLoader.csproj", "{DD995F5B-72D3-4AEC-B9EA-E1C1B84D7C5D}"
EndProject
Project("{FAE04EC0-301F-11D3-BF4B-00C04F79EFBC}") = "DBUtility", "Tools\DBUtility\DBUtility.csproj", "{E916347F-349D-4D7C-B3FF-28C537D43338}"
EndProject
Project("{FAE04EC0-301F-11D3-BF4B-00C04F79EFBC}") = "SagaECOConfigurator", "Tools\SagaECOConfigurator\SagaECOConfigurator.csproj", "{EAD595AA-EDB4-424B-8262-BB4EE0BBB2B2}"
EndProject
Project("{FAE04EC0-301F-11D3-BF4B-00C04F79EFBC}") = "DebugLogViewer", "Tools\DebugLogViewer\DebugLogViewer.csproj", "{884D4984-AA80-4A68-BC3C-5EC9A17EB459}"
EndProject
Global
	GlobalSection(SolutionConfigurationPlatforms) = preSolution
		Debug|.NET = Debug|.NET
		Debug|Any CPU = Debug|Any CPU
		Debug|Mixed Platforms = Debug|Mixed Platforms
		Release|.NET = Release|.NET
		Release|Any CPU = Release|Any CPU
		Release|Mixed Platforms = Release|Mixed Platforms
		Web|.NET = Web|.NET
		Web|Any CPU = Web|Any CPU
		Web|Mixed Platforms = Web|Mixed Platforms
	EndGlobalSection
	GlobalSection(ProjectConfigurationPlatforms) = postSolution
		{DDDDCDA1-0D7C-48F3-A4D1-84219C43E195}.Debug|.NET.ActiveCfg = Debug|Any CPU
		{DDDDCDA1-0D7C-48F3-A4D1-84219C43E195}.Debug|Any CPU.ActiveCfg = Debug|Any CPU
		{DDDDCDA1-0D7C-48F3-A4D1-84219C43E195}.Debug|Any CPU.Build.0 = Debug|Any CPU
		{DDDDCDA1-0D7C-48F3-A4D1-84219C43E195}.Debug|Mixed Platforms.ActiveCfg = Debug|Any CPU
		{DDDDCDA1-0D7C-48F3-A4D1-84219C43E195}.Debug|Mixed Platforms.Build.0 = Debug|Any CPU
		{DDDDCDA1-0D7C-48F3-A4D1-84219C43E195}.Release|.NET.ActiveCfg = Release|Any CPU
		{DDDDCDA1-0D7C-48F3-A4D1-84219C43E195}.Release|Any CPU.ActiveCfg = Release|Any CPU
		{DDDDCDA1-0D7C-48F3-A4D1-84219C43E195}.Release|Any CPU.Build.0 = Release|Any CPU
		{DDDDCDA1-0D7C-48F3-A4D1-84219C43E195}.Release|Mixed Platforms.ActiveCfg = Release|Any CPU
		{DDDDCDA1-0D7C-48F3-A4D1-84219C43E195}.Release|Mixed Platforms.Build.0 = Release|Any CPU
		{DDDDCDA1-0D7C-48F3-A4D1-84219C43E195}.Web|.NET.ActiveCfg = Web|Any CPU
		{DDDDCDA1-0D7C-48F3-A4D1-84219C43E195}.Web|Any CPU.ActiveCfg = Web|Any CPU
		{DDDDCDA1-0D7C-48F3-A4D1-84219C43E195}.Web|Any CPU.Build.0 = Web|Any CPU
		{DDDDCDA1-0D7C-48F3-A4D1-84219C43E195}.Web|Mixed Platforms.ActiveCfg = Web|Any CPU
		{DDDDCDA1-0D7C-48F3-A4D1-84219C43E195}.Web|Mixed Platforms.Build.0 = Web|Any CPU
		{683AA9B5-D5E4-4A27-8EF3-39AC1DBDC86E}.Debug|.NET.ActiveCfg = Debug|Any CPU
		{683AA9B5-D5E4-4A27-8EF3-39AC1DBDC86E}.Debug|Any CPU.ActiveCfg = Debug|Any CPU
		{683AA9B5-D5E4-4A27-8EF3-39AC1DBDC86E}.Debug|Any CPU.Build.0 = Debug|Any CPU
		{683AA9B5-D5E4-4A27-8EF3-39AC1DBDC86E}.Debug|Mixed Platforms.ActiveCfg = Debug|Any CPU
		{683AA9B5-D5E4-4A27-8EF3-39AC1DBDC86E}.Debug|Mixed Platforms.Build.0 = Debug|Any CPU
		{683AA9B5-D5E4-4A27-8EF3-39AC1DBDC86E}.Release|.NET.ActiveCfg = Release|Any CPU
		{683AA9B5-D5E4-4A27-8EF3-39AC1DBDC86E}.Release|Any CPU.ActiveCfg = Release|Any CPU
		{683AA9B5-D5E4-4A27-8EF3-39AC1DBDC86E}.Release|Any CPU.Build.0 = Release|Any CPU
		{683AA9B5-D5E4-4A27-8EF3-39AC1DBDC86E}.Release|Mixed Platforms.ActiveCfg = Release|Any CPU
		{683AA9B5-D5E4-4A27-8EF3-39AC1DBDC86E}.Release|Mixed Platforms.Build.0 = Release|Any CPU
		{683AA9B5-D5E4-4A27-8EF3-39AC1DBDC86E}.Web|.NET.ActiveCfg = Web|Any CPU
		{683AA9B5-D5E4-4A27-8EF3-39AC1DBDC86E}.Web|Any CPU.ActiveCfg = Web|Any CPU
		{683AA9B5-D5E4-4A27-8EF3-39AC1DBDC86E}.Web|Any CPU.Build.0 = Web|Any CPU
		{683AA9B5-D5E4-4A27-8EF3-39AC1DBDC86E}.Web|Mixed Platforms.ActiveCfg = Web|Any CPU
		{86DE49A7-DADF-49A5-BA2E-27F8AF677509}.Debug|.NET.ActiveCfg = Debug|Any CPU
		{86DE49A7-DADF-49A5-BA2E-27F8AF677509}.Debug|Any CPU.ActiveCfg = Debug|Any CPU
		{86DE49A7-DADF-49A5-BA2E-27F8AF677509}.Debug|Any CPU.Build.0 = Debug|Any CPU
		{86DE49A7-DADF-49A5-BA2E-27F8AF677509}.Debug|Mixed Platforms.ActiveCfg = Debug|Any CPU
		{86DE49A7-DADF-49A5-BA2E-27F8AF677509}.Debug|Mixed Platforms.Build.0 = Debug|Any CPU
		{86DE49A7-DADF-49A5-BA2E-27F8AF677509}.Release|.NET.ActiveCfg = Release|Any CPU
		{86DE49A7-DADF-49A5-BA2E-27F8AF677509}.Release|Any CPU.ActiveCfg = Release|Any CPU
		{86DE49A7-DADF-49A5-BA2E-27F8AF677509}.Release|Any CPU.Build.0 = Release|Any CPU
		{86DE49A7-DADF-49A5-BA2E-27F8AF677509}.Release|Mixed Platforms.ActiveCfg = Release|Any CPU
		{86DE49A7-DADF-49A5-BA2E-27F8AF677509}.Release|Mixed Platforms.Build.0 = Release|Any CPU
		{86DE49A7-DADF-49A5-BA2E-27F8AF677509}.Web|.NET.ActiveCfg = Web|Any CPU
		{86DE49A7-DADF-49A5-BA2E-27F8AF677509}.Web|Any CPU.ActiveCfg = Web|Any CPU
		{86DE49A7-DADF-49A5-BA2E-27F8AF677509}.Web|Any CPU.Build.0 = Web|Any CPU
		{86DE49A7-DADF-49A5-BA2E-27F8AF677509}.Web|Mixed Platforms.ActiveCfg = Web|Any CPU
		{86DE49A7-DADF-49A5-BA2E-27F8AF677509}.Web|Mixed Platforms.Build.0 = Web|Any CPU
		{BC0E63AC-2A4A-45AE-A8A9-C680066BCAEC}.Debug|.NET.ActiveCfg = Debug|Any CPU
		{BC0E63AC-2A4A-45AE-A8A9-C680066BCAEC}.Debug|Any CPU.ActiveCfg = Debug|Any CPU
		{BC0E63AC-2A4A-45AE-A8A9-C680066BCAEC}.Debug|Any CPU.Build.0 = Debug|Any CPU
		{BC0E63AC-2A4A-45AE-A8A9-C680066BCAEC}.Debug|Mixed Platforms.ActiveCfg = Debug|Any CPU
		{BC0E63AC-2A4A-45AE-A8A9-C680066BCAEC}.Debug|Mixed Platforms.Build.0 = Debug|Any CPU
		{BC0E63AC-2A4A-45AE-A8A9-C680066BCAEC}.Release|.NET.ActiveCfg = Release|Any CPU
		{BC0E63AC-2A4A-45AE-A8A9-C680066BCAEC}.Release|Any CPU.ActiveCfg = Release|Any CPU
		{BC0E63AC-2A4A-45AE-A8A9-C680066BCAEC}.Release|Any CPU.Build.0 = Release|Any CPU
		{BC0E63AC-2A4A-45AE-A8A9-C680066BCAEC}.Release|Mixed Platforms.ActiveCfg = Release|Any CPU
		{BC0E63AC-2A4A-45AE-A8A9-C680066BCAEC}.Release|Mixed Platforms.Build.0 = Release|Any CPU
		{BC0E63AC-2A4A-45AE-A8A9-C680066BCAEC}.Web|.NET.ActiveCfg = Web|Any CPU
		{BC0E63AC-2A4A-45AE-A8A9-C680066BCAEC}.Web|Any CPU.ActiveCfg = Web|Any CPU
		{BC0E63AC-2A4A-45AE-A8A9-C680066BCAEC}.Web|Any CPU.Build.0 = Web|Any CPU
		{BC0E63AC-2A4A-45AE-A8A9-C680066BCAEC}.Web|Mixed Platforms.ActiveCfg = Web|Any CPU
		{BC0E63AC-2A4A-45AE-A8A9-C680066BCAEC}.Web|Mixed Platforms.Build.0 = Web|Any CPU
		{FEFF63EF-01AC-415B-957F-BE91F770E4C9}.Debug|.NET.ActiveCfg = Debug|Any CPU
		{FEFF63EF-01AC-415B-957F-BE91F770E4C9}.Debug|Any CPU.ActiveCfg = Debug|Any CPU
		{FEFF63EF-01AC-415B-957F-BE91F770E4C9}.Debug|Any CPU.Build.0 = Debug|Any CPU
		{FEFF63EF-01AC-415B-957F-BE91F770E4C9}.Debug|Mixed Platforms.ActiveCfg = Debug|Any CPU
		{FEFF63EF-01AC-415B-957F-BE91F770E4C9}.Debug|Mixed Platforms.Build.0 = Debug|Any CPU
		{FEFF63EF-01AC-415B-957F-BE91F770E4C9}.Release|.NET.ActiveCfg = Release|Any CPU
		{FEFF63EF-01AC-415B-957F-BE91F770E4C9}.Release|Any CPU.ActiveCfg = Release|Any CPU
		{FEFF63EF-01AC-415B-957F-BE91F770E4C9}.Release|Any CPU.Build.0 = Release|Any CPU
		{FEFF63EF-01AC-415B-957F-BE91F770E4C9}.Release|Mixed Platforms.ActiveCfg = Release|Any CPU
		{FEFF63EF-01AC-415B-957F-BE91F770E4C9}.Release|Mixed Platforms.Build.0 = Release|Any CPU
		{FEFF63EF-01AC-415B-957F-BE91F770E4C9}.Web|.NET.ActiveCfg = Web|Any CPU
		{FEFF63EF-01AC-415B-957F-BE91F770E4C9}.Web|Any CPU.ActiveCfg = Web|Any CPU
		{FEFF63EF-01AC-415B-957F-BE91F770E4C9}.Web|Any CPU.Build.0 = Web|Any CPU
		{FEFF63EF-01AC-415B-957F-BE91F770E4C9}.Web|Mixed Platforms.ActiveCfg = Web|Any CPU
		{BA626AB6-C9C8-4C27-8B40-AC959FC603B9}.Debug|.NET.ActiveCfg = Debug|Any CPU
		{BA626AB6-C9C8-4C27-8B40-AC959FC603B9}.Debug|Any CPU.ActiveCfg = Debug|Any CPU
		{BA626AB6-C9C8-4C27-8B40-AC959FC603B9}.Debug|Any CPU.Build.0 = Debug|Any CPU
		{BA626AB6-C9C8-4C27-8B40-AC959FC603B9}.Debug|Mixed Platforms.ActiveCfg = Debug|Any CPU
		{BA626AB6-C9C8-4C27-8B40-AC959FC603B9}.Debug|Mixed Platforms.Build.0 = Debug|Any CPU
		{BA626AB6-C9C8-4C27-8B40-AC959FC603B9}.Release|.NET.ActiveCfg = Release|Any CPU
		{BA626AB6-C9C8-4C27-8B40-AC959FC603B9}.Release|Any CPU.ActiveCfg = Release|Any CPU
		{BA626AB6-C9C8-4C27-8B40-AC959FC603B9}.Release|Any CPU.Build.0 = Release|Any CPU
		{BA626AB6-C9C8-4C27-8B40-AC959FC603B9}.Release|Mixed Platforms.ActiveCfg = Release|Any CPU
		{BA626AB6-C9C8-4C27-8B40-AC959FC603B9}.Release|Mixed Platforms.Build.0 = Release|Any CPU
		{BA626AB6-C9C8-4C27-8B40-AC959FC603B9}.Web|.NET.ActiveCfg = Web|Any CPU
		{BA626AB6-C9C8-4C27-8B40-AC959FC603B9}.Web|Any CPU.ActiveCfg = Web|Any CPU
		{BA626AB6-C9C8-4C27-8B40-AC959FC603B9}.Web|Any CPU.Build.0 = Web|Any CPU
		{BA626AB6-C9C8-4C27-8B40-AC959FC603B9}.Web|Mixed Platforms.ActiveCfg = Web|Any CPU
		{BA626AB6-C9C8-4C27-8B40-AC959FC603B9}.Web|Mixed Platforms.Build.0 = Web|Any CPU
		{F0C18487-5FBB-43BD-B175-5F8B83B925DE}.Debug|.NET.ActiveCfg = Debug|Any CPU
		{F0C18487-5FBB-43BD-B175-5F8B83B925DE}.Debug|Any CPU.ActiveCfg = Debug|Any CPU
		{F0C18487-5FBB-43BD-B175-5F8B83B925DE}.Debug|Any CPU.Build.0 = Debug|Any CPU
		{F0C18487-5FBB-43BD-B175-5F8B83B925DE}.Debug|Mixed Platforms.ActiveCfg = Debug|Any CPU
		{F0C18487-5FBB-43BD-B175-5F8B83B925DE}.Debug|Mixed Platforms.Build.0 = Debug|Any CPU
		{F0C18487-5FBB-43BD-B175-5F8B83B925DE}.Release|.NET.ActiveCfg = Release|Any CPU
		{F0C18487-5FBB-43BD-B175-5F8B83B925DE}.Release|Any CPU.ActiveCfg = Release|Any CPU
		{F0C18487-5FBB-43BD-B175-5F8B83B925DE}.Release|Any CPU.Build.0 = Release|Any CPU
		{F0C18487-5FBB-43BD-B175-5F8B83B925DE}.Release|Mixed Platforms.ActiveCfg = Release|Any CPU
		{F0C18487-5FBB-43BD-B175-5F8B83B925DE}.Release|Mixed Platforms.Build.0 = Release|Any CPU
		{F0C18487-5FBB-43BD-B175-5F8B83B925DE}.Web|.NET.ActiveCfg = Web|Any CPU
		{F0C18487-5FBB-43BD-B175-5F8B83B925DE}.Web|Any CPU.ActiveCfg = Web|Any CPU
		{F0C18487-5FBB-43BD-B175-5F8B83B925DE}.Web|Any CPU.Build.0 = Web|Any CPU
		{F0C18487-5FBB-43BD-B175-5F8B83B925DE}.Web|Mixed Platforms.ActiveCfg = Web|Any CPU
		{F59F819F-C51A-4825-88EC-C5D40269ADF7}.Debug|.NET.ActiveCfg = Debug|Any CPU
		{F59F819F-C51A-4825-88EC-C5D40269ADF7}.Debug|Any CPU.ActiveCfg = Debug|Any CPU
		{F59F819F-C51A-4825-88EC-C5D40269ADF7}.Debug|Any CPU.Build.0 = Debug|Any CPU
		{F59F819F-C51A-4825-88EC-C5D40269ADF7}.Debug|Mixed Platforms.ActiveCfg = Debug|Any CPU
		{F59F819F-C51A-4825-88EC-C5D40269ADF7}.Debug|Mixed Platforms.Build.0 = Debug|Any CPU
		{F59F819F-C51A-4825-88EC-C5D40269ADF7}.Release|.NET.ActiveCfg = Debug|Any CPU
		{F59F819F-C51A-4825-88EC-C5D40269ADF7}.Release|Any CPU.ActiveCfg = Debug|Any CPU
		{F59F819F-C51A-4825-88EC-C5D40269ADF7}.Release|Any CPU.Build.0 = Debug|Any CPU
		{F59F819F-C51A-4825-88EC-C5D40269ADF7}.Release|Mixed Platforms.ActiveCfg = Debug|Any CPU
		{F59F819F-C51A-4825-88EC-C5D40269ADF7}.Release|Mixed Platforms.Build.0 = Debug|Any CPU
		{F59F819F-C51A-4825-88EC-C5D40269ADF7}.Web|.NET.ActiveCfg = Debug|Any CPU
		{F59F819F-C51A-4825-88EC-C5D40269ADF7}.Web|Any CPU.ActiveCfg = Debug|Any CPU
		{F59F819F-C51A-4825-88EC-C5D40269ADF7}.Web|Any CPU.Build.0 = Debug|Any CPU
		{F59F819F-C51A-4825-88EC-C5D40269ADF7}.Web|Mixed Platforms.ActiveCfg = Debug|Any CPU
		{F59F819F-C51A-4825-88EC-C5D40269ADF7}.Web|Mixed Platforms.Build.0 = Debug|Any CPU
		{4F28170E-2B91-4735-B6ED-0D148D277D3C}.Debug|.NET.ActiveCfg = Debug|Any CPU
		{4F28170E-2B91-4735-B6ED-0D148D277D3C}.Debug|Any CPU.ActiveCfg = Debug|Any CPU
		{4F28170E-2B91-4735-B6ED-0D148D277D3C}.Debug|Any CPU.Build.0 = Debug|Any CPU
		{4F28170E-2B91-4735-B6ED-0D148D277D3C}.Debug|Mixed Platforms.ActiveCfg = Debug|Any CPU
		{4F28170E-2B91-4735-B6ED-0D148D277D3C}.Debug|Mixed Platforms.Build.0 = Debug|Any CPU
		{4F28170E-2B91-4735-B6ED-0D148D277D3C}.Release|.NET.ActiveCfg = Release|Any CPU
		{4F28170E-2B91-4735-B6ED-0D148D277D3C}.Release|Any CPU.ActiveCfg = Release|Any CPU
		{4F28170E-2B91-4735-B6ED-0D148D277D3C}.Release|Any CPU.Build.0 = Release|Any CPU
		{4F28170E-2B91-4735-B6ED-0D148D277D3C}.Release|Mixed Platforms.ActiveCfg = Release|Any CPU
		{4F28170E-2B91-4735-B6ED-0D148D277D3C}.Release|Mixed Platforms.Build.0 = Release|Any CPU
		{4F28170E-2B91-4735-B6ED-0D148D277D3C}.Web|.NET.ActiveCfg = Web|Any CPU
		{4F28170E-2B91-4735-B6ED-0D148D277D3C}.Web|Any CPU.ActiveCfg = Web|Any CPU
		{4F28170E-2B91-4735-B6ED-0D148D277D3C}.Web|Any CPU.Build.0 = Web|Any CPU
		{4F28170E-2B91-4735-B6ED-0D148D277D3C}.Web|Mixed Platforms.ActiveCfg = Web|Any CPU
		{1FF39A59-37AF-48CC-AB35-4A9614C8E7AB}.Debug|.NET.ActiveCfg = Debug|Any CPU
		{1FF39A59-37AF-48CC-AB35-4A9614C8E7AB}.Debug|Any CPU.ActiveCfg = Debug|Any CPU
		{1FF39A59-37AF-48CC-AB35-4A9614C8E7AB}.Debug|Any CPU.Build.0 = Debug|Any CPU
		{1FF39A59-37AF-48CC-AB35-4A9614C8E7AB}.Debug|Mixed Platforms.ActiveCfg = Debug|Any CPU
		{1FF39A59-37AF-48CC-AB35-4A9614C8E7AB}.Debug|Mixed Platforms.Build.0 = Debug|Any CPU
		{1FF39A59-37AF-48CC-AB35-4A9614C8E7AB}.Release|.NET.ActiveCfg = Release|Any CPU
		{1FF39A59-37AF-48CC-AB35-4A9614C8E7AB}.Release|Any CPU.ActiveCfg = Release|Any CPU
		{1FF39A59-37AF-48CC-AB35-4A9614C8E7AB}.Release|Any CPU.Build.0 = Release|Any CPU
		{1FF39A59-37AF-48CC-AB35-4A9614C8E7AB}.Release|Mixed Platforms.ActiveCfg = Release|Any CPU
		{1FF39A59-37AF-48CC-AB35-4A9614C8E7AB}.Release|Mixed Platforms.Build.0 = Release|Any CPU
		{1FF39A59-37AF-48CC-AB35-4A9614C8E7AB}.Web|.NET.ActiveCfg = Web|Any CPU
		{1FF39A59-37AF-48CC-AB35-4A9614C8E7AB}.Web|Any CPU.ActiveCfg = Web|Any CPU
		{1FF39A59-37AF-48CC-AB35-4A9614C8E7AB}.Web|Any CPU.Build.0 = Web|Any CPU
		{1FF39A59-37AF-48CC-AB35-4A9614C8E7AB}.Web|Mixed Platforms.ActiveCfg = Web|Any CPU
		{29CAE878-FF0C-4254-AA9C-55B1E0CDB206}.Debug|.NET.ActiveCfg = Debug|Any CPU
		{29CAE878-FF0C-4254-AA9C-55B1E0CDB206}.Debug|Any CPU.ActiveCfg = Debug|Any CPU
		{29CAE878-FF0C-4254-AA9C-55B1E0CDB206}.Debug|Any CPU.Build.0 = Debug|Any CPU
		{29CAE878-FF0C-4254-AA9C-55B1E0CDB206}.Debug|Mixed Platforms.ActiveCfg = Debug|Any CPU
		{29CAE878-FF0C-4254-AA9C-55B1E0CDB206}.Debug|Mixed Platforms.Build.0 = Debug|Any CPU
		{29CAE878-FF0C-4254-AA9C-55B1E0CDB206}.Release|.NET.ActiveCfg = Release|Any CPU
		{29CAE878-FF0C-4254-AA9C-55B1E0CDB206}.Release|Any CPU.ActiveCfg = Release|Any CPU
		{29CAE878-FF0C-4254-AA9C-55B1E0CDB206}.Release|Any CPU.Build.0 = Release|Any CPU
		{29CAE878-FF0C-4254-AA9C-55B1E0CDB206}.Release|Mixed Platforms.ActiveCfg = Release|Any CPU
		{29CAE878-FF0C-4254-AA9C-55B1E0CDB206}.Release|Mixed Platforms.Build.0 = Release|Any CPU
		{29CAE878-FF0C-4254-AA9C-55B1E0CDB206}.Web|.NET.ActiveCfg = Web|Any CPU
		{29CAE878-FF0C-4254-AA9C-55B1E0CDB206}.Web|Any CPU.ActiveCfg = Web|Any CPU
		{29CAE878-FF0C-4254-AA9C-55B1E0CDB206}.Web|Any CPU.Build.0 = Web|Any CPU
		{29CAE878-FF0C-4254-AA9C-55B1E0CDB206}.Web|Mixed Platforms.ActiveCfg = Web|Any CPU
		{A11A1F66-7D6E-499C-A6F8-854A1FF31C0F}.Debug|.NET.ActiveCfg = Debug|Any CPU
		{A11A1F66-7D6E-499C-A6F8-854A1FF31C0F}.Debug|Any CPU.ActiveCfg = Debug|Any CPU
		{A11A1F66-7D6E-499C-A6F8-854A1FF31C0F}.Debug|Any CPU.Build.0 = Debug|Any CPU
		{A11A1F66-7D6E-499C-A6F8-854A1FF31C0F}.Debug|Mixed Platforms.ActiveCfg = Debug|Any CPU
		{A11A1F66-7D6E-499C-A6F8-854A1FF31C0F}.Debug|Mixed Platforms.Build.0 = Debug|Any CPU
		{A11A1F66-7D6E-499C-A6F8-854A1FF31C0F}.Release|.NET.ActiveCfg = Release|Any CPU
		{A11A1F66-7D6E-499C-A6F8-854A1FF31C0F}.Release|Any CPU.ActiveCfg = Release|Any CPU
		{A11A1F66-7D6E-499C-A6F8-854A1FF31C0F}.Release|Any CPU.Build.0 = Release|Any CPU
		{A11A1F66-7D6E-499C-A6F8-854A1FF31C0F}.Release|Mixed Platforms.ActiveCfg = Release|Any CPU
		{A11A1F66-7D6E-499C-A6F8-854A1FF31C0F}.Release|Mixed Platforms.Build.0 = Release|Any CPU
		{A11A1F66-7D6E-499C-A6F8-854A1FF31C0F}.Web|.NET.ActiveCfg = Web|Any CPU
		{A11A1F66-7D6E-499C-A6F8-854A1FF31C0F}.Web|Any CPU.ActiveCfg = Web|Any CPU
		{A11A1F66-7D6E-499C-A6F8-854A1FF31C0F}.Web|Any CPU.Build.0 = Web|Any CPU
		{A11A1F66-7D6E-499C-A6F8-854A1FF31C0F}.Web|Mixed Platforms.ActiveCfg = Web|Any CPU
		{751FFA7D-EA77-4EC5-828A-E248BD22BB32}.Debug|.NET.ActiveCfg = Debug|Any CPU
		{751FFA7D-EA77-4EC5-828A-E248BD22BB32}.Debug|Any CPU.ActiveCfg = Debug|Any CPU
		{751FFA7D-EA77-4EC5-828A-E248BD22BB32}.Debug|Any CPU.Build.0 = Debug|Any CPU
		{751FFA7D-EA77-4EC5-828A-E248BD22BB32}.Debug|Mixed Platforms.ActiveCfg = Debug|Any CPU
		{751FFA7D-EA77-4EC5-828A-E248BD22BB32}.Debug|Mixed Platforms.Build.0 = Debug|Any CPU
		{751FFA7D-EA77-4EC5-828A-E248BD22BB32}.Release|.NET.ActiveCfg = Release|Any CPU
		{751FFA7D-EA77-4EC5-828A-E248BD22BB32}.Release|Any CPU.ActiveCfg = Release|Any CPU
		{751FFA7D-EA77-4EC5-828A-E248BD22BB32}.Release|Any CPU.Build.0 = Release|Any CPU
		{751FFA7D-EA77-4EC5-828A-E248BD22BB32}.Release|Mixed Platforms.ActiveCfg = Release|Any CPU
		{751FFA7D-EA77-4EC5-828A-E248BD22BB32}.Release|Mixed Platforms.Build.0 = Release|Any CPU
		{751FFA7D-EA77-4EC5-828A-E248BD22BB32}.Web|.NET.ActiveCfg = Web|Any CPU
		{751FFA7D-EA77-4EC5-828A-E248BD22BB32}.Web|Any CPU.ActiveCfg = Web|Any CPU
		{751FFA7D-EA77-4EC5-828A-E248BD22BB32}.Web|Any CPU.Build.0 = Web|Any CPU
		{751FFA7D-EA77-4EC5-828A-E248BD22BB32}.Web|Mixed Platforms.ActiveCfg = Web|Any CPU
		{2A7EC2C6-F263-4479-A82A-AC2CF9EC8D6F}.Debug|.NET.ActiveCfg = Debug|Any CPU
		{2A7EC2C6-F263-4479-A82A-AC2CF9EC8D6F}.Debug|Any CPU.ActiveCfg = Debug|Any CPU
		{2A7EC2C6-F263-4479-A82A-AC2CF9EC8D6F}.Debug|Any CPU.Build.0 = Debug|Any CPU
		{2A7EC2C6-F263-4479-A82A-AC2CF9EC8D6F}.Debug|Mixed Platforms.ActiveCfg = Debug|Any CPU
		{2A7EC2C6-F263-4479-A82A-AC2CF9EC8D6F}.Debug|Mixed Platforms.Build.0 = Debug|Any CPU
		{2A7EC2C6-F263-4479-A82A-AC2CF9EC8D6F}.Release|.NET.ActiveCfg = Release|Any CPU
		{2A7EC2C6-F263-4479-A82A-AC2CF9EC8D6F}.Release|Any CPU.ActiveCfg = Release|Any CPU
		{2A7EC2C6-F263-4479-A82A-AC2CF9EC8D6F}.Release|Any CPU.Build.0 = Release|Any CPU
		{2A7EC2C6-F263-4479-A82A-AC2CF9EC8D6F}.Release|Mixed Platforms.ActiveCfg = Release|Any CPU
		{2A7EC2C6-F263-4479-A82A-AC2CF9EC8D6F}.Release|Mixed Platforms.Build.0 = Release|Any CPU
		{2A7EC2C6-F263-4479-A82A-AC2CF9EC8D6F}.Web|.NET.ActiveCfg = Web|Any CPU
		{2A7EC2C6-F263-4479-A82A-AC2CF9EC8D6F}.Web|Any CPU.ActiveCfg = Web|Any CPU
		{2A7EC2C6-F263-4479-A82A-AC2CF9EC8D6F}.Web|Any CPU.Build.0 = Web|Any CPU
		{2A7EC2C6-F263-4479-A82A-AC2CF9EC8D6F}.Web|Mixed Platforms.ActiveCfg = Web|Any CPU
		{B25B277E-A98B-4BFC-9093-98A9525DF89C}.Debug|.NET.ActiveCfg = Debug|Any CPU
		{B25B277E-A98B-4BFC-9093-98A9525DF89C}.Debug|Any CPU.ActiveCfg = Debug|Any CPU
		{B25B277E-A98B-4BFC-9093-98A9525DF89C}.Debug|Any CPU.Build.0 = Debug|Any CPU
		{B25B277E-A98B-4BFC-9093-98A9525DF89C}.Debug|Mixed Platforms.ActiveCfg = Debug|Any CPU
		{B25B277E-A98B-4BFC-9093-98A9525DF89C}.Debug|Mixed Platforms.Build.0 = Debug|Any CPU
		{B25B277E-A98B-4BFC-9093-98A9525DF89C}.Release|.NET.ActiveCfg = Release|Any CPU
		{B25B277E-A98B-4BFC-9093-98A9525DF89C}.Release|Any CPU.ActiveCfg = Release|Any CPU
		{B25B277E-A98B-4BFC-9093-98A9525DF89C}.Release|Any CPU.Build.0 = Release|Any CPU
		{B25B277E-A98B-4BFC-9093-98A9525DF89C}.Release|Mixed Platforms.ActiveCfg = Release|Any CPU
		{B25B277E-A98B-4BFC-9093-98A9525DF89C}.Release|Mixed Platforms.Build.0 = Release|Any CPU
		{B25B277E-A98B-4BFC-9093-98A9525DF89C}.Web|.NET.ActiveCfg = Web|Any CPU
		{B25B277E-A98B-4BFC-9093-98A9525DF89C}.Web|Any CPU.ActiveCfg = Web|Any CPU
		{B25B277E-A98B-4BFC-9093-98A9525DF89C}.Web|Any CPU.Build.0 = Web|Any CPU
		{B25B277E-A98B-4BFC-9093-98A9525DF89C}.Web|Mixed Platforms.ActiveCfg = Web|Any CPU
		{DD995F5B-72D3-4AEC-B9EA-E1C1B84D7C5D}.Debug|.NET.ActiveCfg = Debug|Any CPU
		{DD995F5B-72D3-4AEC-B9EA-E1C1B84D7C5D}.Debug|Any CPU.ActiveCfg = Debug|Any CPU
		{DD995F5B-72D3-4AEC-B9EA-E1C1B84D7C5D}.Debug|Any CPU.Build.0 = Debug|Any CPU
		{DD995F5B-72D3-4AEC-B9EA-E1C1B84D7C5D}.Debug|Mixed Platforms.ActiveCfg = Debug|Any CPU
		{DD995F5B-72D3-4AEC-B9EA-E1C1B84D7C5D}.Debug|Mixed Platforms.Build.0 = Debug|Any CPU
		{DD995F5B-72D3-4AEC-B9EA-E1C1B84D7C5D}.Release|.NET.ActiveCfg = Release|Any CPU
		{DD995F5B-72D3-4AEC-B9EA-E1C1B84D7C5D}.Release|Any CPU.ActiveCfg = Release|Any CPU
		{DD995F5B-72D3-4AEC-B9EA-E1C1B84D7C5D}.Release|Any CPU.Build.0 = Release|Any CPU
		{DD995F5B-72D3-4AEC-B9EA-E1C1B84D7C5D}.Release|Mixed Platforms.ActiveCfg = Release|Any CPU
		{DD995F5B-72D3-4AEC-B9EA-E1C1B84D7C5D}.Release|Mixed Platforms.Build.0 = Release|Any CPU
		{DD995F5B-72D3-4AEC-B9EA-E1C1B84D7C5D}.Web|.NET.ActiveCfg = Web|Any CPU
		{DD995F5B-72D3-4AEC-B9EA-E1C1B84D7C5D}.Web|Any CPU.ActiveCfg = Web|Any CPU
		{DD995F5B-72D3-4AEC-B9EA-E1C1B84D7C5D}.Web|Any CPU.Build.0 = Web|Any CPU
		{DD995F5B-72D3-4AEC-B9EA-E1C1B84D7C5D}.Web|Mixed Platforms.ActiveCfg = Web|Any CPU
		{E916347F-349D-4D7C-B3FF-28C537D43338}.Debug|.NET.ActiveCfg = Debug|Any CPU
		{E916347F-349D-4D7C-B3FF-28C537D43338}.Debug|Any CPU.ActiveCfg = Debug|Any CPU
		{E916347F-349D-4D7C-B3FF-28C537D43338}.Debug|Any CPU.Build.0 = Debug|Any CPU
		{E916347F-349D-4D7C-B3FF-28C537D43338}.Debug|Mixed Platforms.ActiveCfg = Debug|Any CPU
		{E916347F-349D-4D7C-B3FF-28C537D43338}.Debug|Mixed Platforms.Build.0 = Debug|Any CPU
		{E916347F-349D-4D7C-B3FF-28C537D43338}.Release|.NET.ActiveCfg = Release|Any CPU
		{E916347F-349D-4D7C-B3FF-28C537D43338}.Release|Any CPU.ActiveCfg = Release|Any CPU
		{E916347F-349D-4D7C-B3FF-28C537D43338}.Release|Any CPU.Build.0 = Release|Any CPU
		{E916347F-349D-4D7C-B3FF-28C537D43338}.Release|Mixed Platforms.ActiveCfg = Release|Any CPU
		{E916347F-349D-4D7C-B3FF-28C537D43338}.Release|Mixed Platforms.Build.0 = Release|Any CPU
		{E916347F-349D-4D7C-B3FF-28C537D43338}.Web|.NET.ActiveCfg = Web|Any CPU
		{E916347F-349D-4D7C-B3FF-28C537D43338}.Web|Any CPU.ActiveCfg = Web|Any CPU
		{E916347F-349D-4D7C-B3FF-28C537D43338}.Web|Any CPU.Build.0 = Web|Any CPU
		{E916347F-349D-4D7C-B3FF-28C537D43338}.Web|Mixed Platforms.ActiveCfg = Web|Any CPU
		{EAD595AA-EDB4-424B-8262-BB4EE0BBB2B2}.Debug|.NET.ActiveCfg = Debug|Any CPU
		{EAD595AA-EDB4-424B-8262-BB4EE0BBB2B2}.Debug|Any CPU.ActiveCfg = Debug|Any CPU
		{EAD595AA-EDB4-424B-8262-BB4EE0BBB2B2}.Debug|Any CPU.Build.0 = Debug|Any CPU
		{EAD595AA-EDB4-424B-8262-BB4EE0BBB2B2}.Debug|Mixed Platforms.ActiveCfg = Debug|Any CPU
		{EAD595AA-EDB4-424B-8262-BB4EE0BBB2B2}.Debug|Mixed Platforms.Build.0 = Debug|Any CPU
		{EAD595AA-EDB4-424B-8262-BB4EE0BBB2B2}.Release|.NET.ActiveCfg = Release|Any CPU
		{EAD595AA-EDB4-424B-8262-BB4EE0BBB2B2}.Release|Any CPU.ActiveCfg = Release|Any CPU
		{EAD595AA-EDB4-424B-8262-BB4EE0BBB2B2}.Release|Any CPU.Build.0 = Release|Any CPU
		{EAD595AA-EDB4-424B-8262-BB4EE0BBB2B2}.Release|Mixed Platforms.ActiveCfg = Release|Any CPU
		{EAD595AA-EDB4-424B-8262-BB4EE0BBB2B2}.Release|Mixed Platforms.Build.0 = Release|Any CPU
		{EAD595AA-EDB4-424B-8262-BB4EE0BBB2B2}.Web|.NET.ActiveCfg = Web|Any CPU
		{EAD595AA-EDB4-424B-8262-BB4EE0BBB2B2}.Web|Any CPU.ActiveCfg = Web|Any CPU
		{EAD595AA-EDB4-424B-8262-BB4EE0BBB2B2}.Web|Any CPU.Build.0 = Web|Any CPU
		{EAD595AA-EDB4-424B-8262-BB4EE0BBB2B2}.Web|Mixed Platforms.ActiveCfg = Web|Any CPU
		{884D4984-AA80-4A68-BC3C-5EC9A17EB459}.Debug|.NET.ActiveCfg = Debug|Any CPU
		{884D4984-AA80-4A68-BC3C-5EC9A17EB459}.Debug|Any CPU.ActiveCfg = Debug|Any CPU
		{884D4984-AA80-4A68-BC3C-5EC9A17EB459}.Debug|Any CPU.Build.0 = Debug|Any CPU
		{884D4984-AA80-4A68-BC3C-5EC9A17EB459}.Debug|Mixed Platforms.ActiveCfg = Debug|Any CPU
		{884D4984-AA80-4A68-BC3C-5EC9A17EB459}.Debug|Mixed Platforms.Build.0 = Debug|Any CPU
		{884D4984-AA80-4A68-BC3C-5EC9A17EB459}.Release|.NET.ActiveCfg = Release|Any CPU
		{884D4984-AA80-4A68-BC3C-5EC9A17EB459}.Release|Any CPU.ActiveCfg = Release|Any CPU
		{884D4984-AA80-4A68-BC3C-5EC9A17EB459}.Release|Any CPU.Build.0 = Release|Any CPU
		{884D4984-AA80-4A68-BC3C-5EC9A17EB459}.Release|Mixed Platforms.ActiveCfg = Release|Any CPU
		{884D4984-AA80-4A68-BC3C-5EC9A17EB459}.Release|Mixed Platforms.Build.0 = Release|Any CPU
		{884D4984-AA80-4A68-BC3C-5EC9A17EB459}.Web|.NET.ActiveCfg = Release|Any CPU
		{884D4984-AA80-4A68-BC3C-5EC9A17EB459}.Web|Any CPU.ActiveCfg = Release|Any CPU
		{884D4984-AA80-4A68-BC3C-5EC9A17EB459}.Web|Any CPU.Build.0 = Release|Any CPU
		{884D4984-AA80-4A68-BC3C-5EC9A17EB459}.Web|Mixed Platforms.ActiveCfg = Release|Any CPU
		{884D4984-AA80-4A68-BC3C-5EC9A17EB459}.Web|Mixed Platforms.Build.0 = Release|Any CPU
	EndGlobalSection
	GlobalSection(SolutionProperties) = preSolution
		HideSolutionNode = FALSE
	EndGlobalSection
	GlobalSection(NestedProjects) = preSolution
		{F32C2405-1F63-4444-B4A6-0A0DAB6CBA14} = {FCFB805F-0F37-4F43-9BF8-7FA82CE098AB}
		{F0C18487-5FBB-43BD-B175-5F8B83B925DE} = {FCFB805F-0F37-4F43-9BF8-7FA82CE098AB}
		{4F28170E-2B91-4735-B6ED-0D148D277D3C} = {FCFB805F-0F37-4F43-9BF8-7FA82CE098AB}
		{1FF39A59-37AF-48CC-AB35-4A9614C8E7AB} = {FCFB805F-0F37-4F43-9BF8-7FA82CE098AB}
		{29CAE878-FF0C-4254-AA9C-55B1E0CDB206} = {FCFB805F-0F37-4F43-9BF8-7FA82CE098AB}
		{751FFA7D-EA77-4EC5-828A-E248BD22BB32} = {FCFB805F-0F37-4F43-9BF8-7FA82CE098AB}
		{2A7EC2C6-F263-4479-A82A-AC2CF9EC8D6F} = {FCFB805F-0F37-4F43-9BF8-7FA82CE098AB}
		{B25B277E-A98B-4BFC-9093-98A9525DF89C} = {FCFB805F-0F37-4F43-9BF8-7FA82CE098AB}
		{DD995F5B-72D3-4AEC-B9EA-E1C1B84D7C5D} = {FCFB805F-0F37-4F43-9BF8-7FA82CE098AB}
		{E916347F-349D-4D7C-B3FF-28C537D43338} = {FCFB805F-0F37-4F43-9BF8-7FA82CE098AB}
		{EAD595AA-EDB4-424B-8262-BB4EE0BBB2B2} = {FCFB805F-0F37-4F43-9BF8-7FA82CE098AB}
		{884D4984-AA80-4A68-BC3C-5EC9A17EB459} = {FCFB805F-0F37-4F43-9BF8-7FA82CE098AB}
		{F59F819F-C51A-4825-88EC-C5D40269ADF7} = {A6B3931F-ABFB-4DA7-9940-CB57192685FF}
		{A11A1F66-7D6E-499C-A6F8-854A1FF31C0F} = {F32C2405-1F63-4444-B4A6-0A0DAB6CBA14}
	EndGlobalSection
EndGlobal
